
Microsoft Visual Studio Solution File, Format Version 12.00
# Visual Studio 15
VisualStudioVersion = 15.0.28010.2036
MinimumVisualStudioVersion = 10.0.40219.1
Project("{FAE04EC0-301F-11D3-BF4B-00C04F79EFBC}") = "Entities", "Entities\Entities.csproj", "{632E5038-099A-4C80-B118-DC7DF3499843}"
EndProject
Project("{FAE04EC0-301F-11D3-BF4B-00C04F79EFBC}") = "Abstractions", "Abstractions\Abstractions.csproj", "{59F8C313-44E9-4FA2-BF32-B41A9F96B6A9}"
EndProject
Project("{FAE04EC0-301F-11D3-BF4B-00C04F79EFBC}") = "Common", "Common\Common.csproj", "{249163C6-7DCC-4809-9E29-F601FEF292A7}"
EndProject
Project("{FAE04EC0-301F-11D3-BF4B-00C04F79EFBC}") = "Services", "Services\Services.csproj", "{2B53DE83-3D42-484D-A549-CDC82A95E8A1}"
EndProject
Project("{FAE04EC0-301F-11D3-BF4B-00C04F79EFBC}") = "Tests", "Tests\Tests.csproj", "{9B4A3DD3-BC48-4286-9096-65A8213306EA}"
EndProject
Project("{FAE04EC0-301F-11D3-BF4B-00C04F79EFBC}") = "ConsoleApp", "ConsoleApp\ConsoleApp.csproj", "{22578863-7228-4330-8317-4C8F67592520}"
EndProject
Global
	GlobalSection(SolutionConfigurationPlatforms) = preSolution
		Debug|Any CPU = Debug|Any CPU
		Release|Any CPU = Release|Any CPU
	EndGlobalSection
	GlobalSection(SolutionProperties) = preSolution
		HideSolutionNode = FALSE
	EndGlobalSection
	GlobalSection(ExtensibilityGlobals) = postSolution
		SolutionGuid = {40FCC154-F201-4077-8961-F3ACFB47ADC6}
	EndGlobalSection
	GlobalSection(ProjectConfigurationPlatforms) = postSolution
		{632E5038-099A-4C80-B118-DC7DF3499843}.Debug|Any CPU.ActiveCfg = Debug|Any CPU
		{632E5038-099A-4C80-B118-DC7DF3499843}.Debug|Any CPU.Build.0 = Debug|Any CPU
		{632E5038-099A-4C80-B118-DC7DF3499843}.Release|Any CPU.ActiveCfg = Release|Any CPU
		{632E5038-099A-4C80-B118-DC7DF3499843}.Release|Any CPU.Build.0 = Release|Any CPU
		{59F8C313-44E9-4FA2-BF32-B41A9F96B6A9}.Debug|Any CPU.ActiveCfg = Debug|Any CPU
		{59F8C313-44E9-4FA2-BF32-B41A9F96B6A9}.Debug|Any CPU.Build.0 = Debug|Any CPU
		{59F8C313-44E9-4FA2-BF32-B41A9F96B6A9}.Release|Any CPU.ActiveCfg = Release|Any CPU
		{59F8C313-44E9-4FA2-BF32-B41A9F96B6A9}.Release|Any CPU.Build.0 = Release|Any CPU
		{249163C6-7DCC-4809-9E29-F601FEF292A7}.Debug|Any CPU.ActiveCfg = Debug|Any CPU
		{249163C6-7DCC-4809-9E29-F601FEF292A7}.Debug|Any CPU.Build.0 = Debug|Any CPU
		{249163C6-7DCC-4809-9E29-F601FEF292A7}.Release|Any CPU.ActiveCfg = Release|Any CPU
		{249163C6-7DCC-4809-9E29-F601FEF292A7}.Release|Any CPU.Build.0 = Release|Any CPU
		{2B53DE83-3D42-484D-A549-CDC82A95E8A1}.Debug|Any CPU.ActiveCfg = Debug|Any CPU
		{2B53DE83-3D42-484D-A549-CDC82A95E8A1}.Debug|Any CPU.Build.0 = Debug|Any CPU
		{2B53DE83-3D42-484D-A549-CDC82A95E8A1}.Release|Any CPU.ActiveCfg = Release|Any CPU
		{2B53DE83-3D42-484D-A549-CDC82A95E8A1}.Release|Any CPU.Build.0 = Release|Any CPU
		{9B4A3DD3-BC48-4286-9096-65A8213306EA}.Debug|Any CPU.ActiveCfg = Debug|Any CPU
		{9B4A3DD3-BC48-4286-9096-65A8213306EA}.Debug|Any CPU.Build.0 = Debug|Any CPU
		{9B4A3DD3-BC48-4286-9096-65A8213306EA}.Release|Any CPU.ActiveCfg = Release|Any CPU
		{9B4A3DD3-BC48-4286-9096-65A8213306EA}.Release|Any CPU.Build.0 = Release|Any CPU
		{22578863-7228-4330-8317-4C8F67592520}.Debug|Any CPU.ActiveCfg = Debug|Any CPU
		{22578863-7228-4330-8317-4C8F67592520}.Debug|Any CPU.Build.0 = Debug|Any CPU
		{22578863-7228-4330-8317-4C8F67592520}.Release|Any CPU.ActiveCfg = Release|Any CPU
		{22578863-7228-4330-8317-4C8F67592520}.Release|Any CPU.Build.0 = Release|Any CPU
	EndGlobalSection
EndGlobal
