
Microsoft Visual Studio Solution File, Format Version 12.00
# Visual Studio 15
VisualStudioVersion = 15.0.28010.2036
MinimumVisualStudioVersion = 10.0.40219.1
Project("{FAE04EC0-301F-11D3-BF4B-00C04F79EFBC}") = "Services", "Services\Services.csproj", "{EE1C660C-9542-42E5-BDC9-5670F3EB9717}"
EndProject
Project("{FAE04EC0-301F-11D3-BF4B-00C04F79EFBC}") = "Entities", "Entities\Entities.csproj", "{9C969A9B-8DB7-4379-82FA-2159C4FA69E1}"
EndProject
Project("{FAE04EC0-301F-11D3-BF4B-00C04F79EFBC}") = "Services.Abstractions", "Services.Abstractions\Services.Abstractions.csproj", "{B756F162-DFAB-4886-9D75-5126071607F8}"
EndProject
Project("{FAE04EC0-301F-11D3-BF4B-00C04F79EFBC}") = "Tests", "Tests\Tests.csproj", "{D90F966B-8973-4C6E-9B62-A0E997222E11}"
EndProject
Project("{FAE04EC0-301F-11D3-BF4B-00C04F79EFBC}") = "Providers", "Providers\Providers.csproj", "{0646C5E4-5474-43DD-A4AF-EEA1104A6A49}"
EndProject
Project("{FAE04EC0-301F-11D3-BF4B-00C04F79EFBC}") = "Providers.Abstractions", "Providers.Abstractions\Providers.Abstractions.csproj", "{1E63F535-2BF9-4C00-8F76-BD2D1EE03C0E}"
EndProject
Project("{FAE04EC0-301F-11D3-BF4B-00C04F79EFBC}") = "FerOmega", "FerOmega\FerOmega.csproj", "{D20EDC67-A7A0-400F-BE1C-68856EA1D771}"
EndProject
Global
	GlobalSection(SolutionConfigurationPlatforms) = preSolution
		Debug|Any CPU = Debug|Any CPU
		Release|Any CPU = Release|Any CPU
	EndGlobalSection
	GlobalSection(SolutionProperties) = preSolution
		HideSolutionNode = FALSE
	EndGlobalSection
	GlobalSection(ExtensibilityGlobals) = postSolution
		SolutionGuid = {40FCC154-F201-4077-8961-F3ACFB47ADC6}
	EndGlobalSection
	GlobalSection(ProjectConfigurationPlatforms) = postSolution
		{EE1C660C-9542-42E5-BDC9-5670F3EB9717}.Debug|Any CPU.ActiveCfg = Debug|Any CPU
		{EE1C660C-9542-42E5-BDC9-5670F3EB9717}.Debug|Any CPU.Build.0 = Debug|Any CPU
		{EE1C660C-9542-42E5-BDC9-5670F3EB9717}.Release|Any CPU.ActiveCfg = Release|Any CPU
		{EE1C660C-9542-42E5-BDC9-5670F3EB9717}.Release|Any CPU.Build.0 = Release|Any CPU
		{9C969A9B-8DB7-4379-82FA-2159C4FA69E1}.Debug|Any CPU.ActiveCfg = Debug|Any CPU
		{9C969A9B-8DB7-4379-82FA-2159C4FA69E1}.Debug|Any CPU.Build.0 = Debug|Any CPU
		{9C969A9B-8DB7-4379-82FA-2159C4FA69E1}.Release|Any CPU.ActiveCfg = Release|Any CPU
		{9C969A9B-8DB7-4379-82FA-2159C4FA69E1}.Release|Any CPU.Build.0 = Release|Any CPU
		{B756F162-DFAB-4886-9D75-5126071607F8}.Debug|Any CPU.ActiveCfg = Debug|Any CPU
		{B756F162-DFAB-4886-9D75-5126071607F8}.Debug|Any CPU.Build.0 = Debug|Any CPU
		{B756F162-DFAB-4886-9D75-5126071607F8}.Release|Any CPU.ActiveCfg = Release|Any CPU
		{B756F162-DFAB-4886-9D75-5126071607F8}.Release|Any CPU.Build.0 = Release|Any CPU
		{D90F966B-8973-4C6E-9B62-A0E997222E11}.Debug|Any CPU.ActiveCfg = Debug|Any CPU
		{D90F966B-8973-4C6E-9B62-A0E997222E11}.Debug|Any CPU.Build.0 = Debug|Any CPU
		{D90F966B-8973-4C6E-9B62-A0E997222E11}.Release|Any CPU.ActiveCfg = Release|Any CPU
		{D90F966B-8973-4C6E-9B62-A0E997222E11}.Release|Any CPU.Build.0 = Release|Any CPU
		{0646C5E4-5474-43DD-A4AF-EEA1104A6A49}.Debug|Any CPU.ActiveCfg = Debug|Any CPU
		{0646C5E4-5474-43DD-A4AF-EEA1104A6A49}.Debug|Any CPU.Build.0 = Debug|Any CPU
		{0646C5E4-5474-43DD-A4AF-EEA1104A6A49}.Release|Any CPU.ActiveCfg = Release|Any CPU
		{0646C5E4-5474-43DD-A4AF-EEA1104A6A49}.Release|Any CPU.Build.0 = Release|Any CPU
		{1E63F535-2BF9-4C00-8F76-BD2D1EE03C0E}.Debug|Any CPU.ActiveCfg = Debug|Any CPU
		{1E63F535-2BF9-4C00-8F76-BD2D1EE03C0E}.Debug|Any CPU.Build.0 = Debug|Any CPU
		{1E63F535-2BF9-4C00-8F76-BD2D1EE03C0E}.Release|Any CPU.ActiveCfg = Release|Any CPU
		{1E63F535-2BF9-4C00-8F76-BD2D1EE03C0E}.Release|Any CPU.Build.0 = Release|Any CPU
		{D20EDC67-A7A0-400F-BE1C-68856EA1D771}.Debug|Any CPU.ActiveCfg = Debug|Any CPU
		{D20EDC67-A7A0-400F-BE1C-68856EA1D771}.Debug|Any CPU.Build.0 = Debug|Any CPU
		{D20EDC67-A7A0-400F-BE1C-68856EA1D771}.Release|Any CPU.ActiveCfg = Release|Any CPU
		{D20EDC67-A7A0-400F-BE1C-68856EA1D771}.Release|Any CPU.Build.0 = Release|Any CPU
	EndGlobalSection
EndGlobal
